
Microsoft Visual Studio Solution File, Format Version 12.00
# Visual Studio Version 16
VisualStudioVersion = 16.0.30503.244
MinimumVisualStudioVersion = 10.0.40219.1
Project("{FAE04EC0-301F-11D3-BF4B-00C04F79EFBC}") = "Redo_AddressBook", "Redo_AddressBook\Redo_AddressBook.csproj", "{A2CD6C68-EFA8-4C3B-A75A-E6CBDD01478C}"
EndProject
Global
	GlobalSection(SolutionConfigurationPlatforms) = preSolution
		Debug|Any CPU = Debug|Any CPU
		Release|Any CPU = Release|Any CPU
	EndGlobalSection
	GlobalSection(ProjectConfigurationPlatforms) = postSolution
		{A2CD6C68-EFA8-4C3B-A75A-E6CBDD01478C}.Debug|Any CPU.ActiveCfg = Debug|Any CPU
		{A2CD6C68-EFA8-4C3B-A75A-E6CBDD01478C}.Debug|Any CPU.Build.0 = Debug|Any CPU
		{A2CD6C68-EFA8-4C3B-A75A-E6CBDD01478C}.Release|Any CPU.ActiveCfg = Release|Any CPU
		{A2CD6C68-EFA8-4C3B-A75A-E6CBDD01478C}.Release|Any CPU.Build.0 = Release|Any CPU
	EndGlobalSection
	GlobalSection(SolutionProperties) = preSolution
		HideSolutionNode = FALSE
	EndGlobalSection
	GlobalSection(ExtensibilityGlobals) = postSolution
		SolutionGuid = {5D52F4C2-DCAF-433E-9A01-455869DFFA7B}
	EndGlobalSection
EndGlobal
